
Microsoft Visual Studio Solution File, Format Version 12.00
# Visual Studio Version 17
VisualStudioVersion = 17.14.36109.1 d17.14
MinimumVisualStudioVersion = 10.0.40219.1
Project("{FAE04EC0-301F-11D3-BF4B-00C04F79EFBC}") = "ArisHotel", "ArisHotel.csproj", "{6B741604-7AAC-4DCF-9D84-90EBCCA13361}"
EndProject
Global
	GlobalSection(SolutionConfigurationPlatforms) = preSolution
		Debug|Any CPU = Debug|Any CPU
		Release|Any CPU = Release|Any CPU
	EndGlobalSection
	GlobalSection(ProjectConfigurationPlatforms) = postSolution
		{6B741604-7AAC-4DCF-9D84-90EBCCA13361}.Debug|Any CPU.ActiveCfg = Debug|Any CPU
		{6B741604-7AAC-4DCF-9D84-90EBCCA13361}.Debug|Any CPU.Build.0 = Debug|Any CPU
		{6B741604-7AAC-4DCF-9D84-90EBCCA13361}.Release|Any CPU.ActiveCfg = Release|Any CPU
		{6B741604-7AAC-4DCF-9D84-90EBCCA13361}.Release|Any CPU.Build.0 = Release|Any CPU
	EndGlobalSection
	GlobalSection(SolutionProperties) = preSolution
		HideSolutionNode = FALSE
	EndGlobalSection
	GlobalSection(ExtensibilityGlobals) = postSolution
		SolutionGuid = {9B30054F-D351-45F0-9FAC-18FBD83AA70F}
	EndGlobalSection
EndGlobal
